# This file is automatically @generated by Cargo.
# It is not intended for manual editing.
version = 3

[[package]]
name = "cartogen-noise"
version = "0.0.1"
dependencies = [
 "cartogen-rng",
]

[[package]]
name = "cartogen-rng"
version = "0.0.1"

[[package]]
name = "cartogen-rs"
version = "0.0.1"
dependencies = [
 "cartogen-noise",
 "cartogen-rng",
]

[[package]]
name = "cartogen-sample"
version = "0.1.0"
dependencies = [
 "cartogen-rs",
]
